// !$*UTF8*$!
{
	archiveVersion = 1;
	classes = {
	};
	objectVersion = 45;
	objects = {

/* Begin PBXBuildFile section */
		0CEDABF813C60CE40049B8A7 /* NXDebug.m in Sources */ = {isa = PBXBuildFile; fileRef = 0CEDABF213C60CE40049B8A7 /* NXDebug.m */; };
		0CEDABF913C60CE40049B8A7 /* NXJsonParser.m in Sources */ = {isa = PBXBuildFile; fileRef = 0CEDABF413C60CE40049B8A7 /* NXJsonParser.m */; };
		0CEDABFA13C60CE40049B8A7 /* NXJsonSerializer.m in Sources */ = {isa = PBXBuildFile; fileRef = 0CEDABF613C60CE40049B8A7 /* NXJsonSerializer.m */; };
		0CEDAC0313C60D830049B8A7 /* NSError+Extensions.m in Sources */ = {isa = PBXBuildFile; fileRef = 0CEDAC0213C60D830049B8A7 /* NSError+Extensions.m */; };
		0CEDAC5A13C61A290049B8A7 /* NXJsonParserTests.m in Sources */ = {isa = PBXBuildFile; fileRef = 0CEDAC5713C61A290049B8A7 /* NXJsonParserTests.m */; };
		0CEDAC5B13C61A290049B8A7 /* NXJsonSerializerTests.m in Sources */ = {isa = PBXBuildFile; fileRef = 0CEDAC5913C61A290049B8A7 /* NXJsonSerializerTests.m */; };
		0CEDAC6213C61A5E0049B8A7 /* NSError+Extensions.m in Sources */ = {isa = PBXBuildFile; fileRef = 0CEDAC0213C60D830049B8A7 /* NSError+Extensions.m */; };
		0CEDAC6313C61A5E0049B8A7 /* NXDebug.m in Sources */ = {isa = PBXBuildFile; fileRef = 0CEDABF213C60CE40049B8A7 /* NXDebug.m */; };
		0CEDAC6413C61A5E0049B8A7 /* NXJsonParser.m in Sources */ = {isa = PBXBuildFile; fileRef = 0CEDABF413C60CE40049B8A7 /* NXJsonParser.m */; };
		0CEDAC6513C61A5E0049B8A7 /* NXJsonSerializer.m in Sources */ = {isa = PBXBuildFile; fileRef = 0CEDABF613C60CE40049B8A7 /* NXJsonSerializer.m */; };
		0CEDACBA13C642060049B8A7 /* twitter_public_timeline.json in Resources */ = {isa = PBXBuildFile; fileRef = 0CEDACB913C642060049B8A7 /* twitter_public_timeline.json */; };
		1D3623260D0F684500981E51 /* NextiveJsonAppDelegate.m in Sources */ = {isa = PBXBuildFile; fileRef = 1D3623250D0F684500981E51 /* NextiveJsonAppDelegate.m */; };
		1D60589B0D05DD56006BFB54 /* main.m in Sources */ = {isa = PBXBuildFile; fileRef = 29B97316FDCFA39411CA2CEA /* main.m */; };
		1D60589F0D05DD5A006BFB54 /* Foundation.framework in Frameworks */ = {isa = PBXBuildFile; fileRef = 1D30AB110D05D00D00671497 /* Foundation.framework */; };
		1DF5F4E00D08C38300B7A737 /* UIKit.framework in Frameworks */ = {isa = PBXBuildFile; fileRef = 1DF5F4DF0D08C38300B7A737 /* UIKit.framework */; };
		288765A50DF7441C002DB57D /* CoreGraphics.framework in Frameworks */ = {isa = PBXBuildFile; fileRef = 288765A40DF7441C002DB57D /* CoreGraphics.framework */; };
		2899E5220DE3E06400AC0155 /* NextiveJsonViewController.xib in Resources */ = {isa = PBXBuildFile; fileRef = 2899E5210DE3E06400AC0155 /* NextiveJsonViewController.xib */; };
		28AD733F0D9D9553002E5188 /* MainWindow.xib in Resources */ = {isa = PBXBuildFile; fileRef = 28AD733E0D9D9553002E5188 /* MainWindow.xib */; };
		28D7ACF80DDB3853001CB0EB /* NextiveJsonViewController.m in Sources */ = {isa = PBXBuildFile; fileRef = 28D7ACF70DDB3853001CB0EB /* NextiveJsonViewController.m */; };
/* End PBXBuildFile section */

/* Begin PBXContainerItemProxy section */
		0C1F061F13E344C200687914 /* PBXContainerItemProxy */ = {
			isa = PBXContainerItemProxy;
			containerPortal = 29B97313FDCFA39411CA2CEA /* Project object */;
			proxyType = 1;
			remoteGlobalIDString = 0CEDAC4813C619CD0049B8A7 /* Tests */;
			remoteInfo = Tests;
		};
/* End PBXContainerItemProxy section */

/* Begin PBXFileReference section */
		0CEDABF113C60CE40049B8A7 /* NXDebug.h */ = {isa = PBXFileReference; fileEncoding = 4; lastKnownFileType = sourcecode.c.h; path = NXDebug.h; sourceTree = "<group>"; };
		0CEDABF213C60CE40049B8A7 /* NXDebug.m */ = {isa = PBXFileReference; fileEncoding = 4; lastKnownFileType = sourcecode.c.objc; path = NXDebug.m; sourceTree = "<group>"; };
		0CEDABF313C60CE40049B8A7 /* NXJsonParser.h */ = {isa = PBXFileReference; fileEncoding = 4; lastKnownFileType = sourcecode.c.h; path = NXJsonParser.h; sourceTree = "<group>"; };
		0CEDABF413C60CE40049B8A7 /* NXJsonParser.m */ = {isa = PBXFileReference; fileEncoding = 4; lastKnownFileType = sourcecode.c.objc; path = NXJsonParser.m; sourceTree = "<group>"; };
		0CEDABF513C60CE40049B8A7 /* NXJsonSerializer.h */ = {isa = PBXFileReference; fileEncoding = 4; lastKnownFileType = sourcecode.c.h; path = NXJsonSerializer.h; sourceTree = "<group>"; };
		0CEDABF613C60CE40049B8A7 /* NXJsonSerializer.m */ = {isa = PBXFileReference; fileEncoding = 4; lastKnownFileType = sourcecode.c.objc; path = NXJsonSerializer.m; sourceTree = "<group>"; };
		0CEDABF713C60CE40049B8A7 /* NXSerializable.h */ = {isa = PBXFileReference; fileEncoding = 4; lastKnownFileType = sourcecode.c.h; path = NXSerializable.h; sourceTree = "<group>"; };
		0CEDAC0113C60D830049B8A7 /* NSError+Extensions.h */ = {isa = PBXFileReference; fileEncoding = 4; lastKnownFileType = sourcecode.c.h; path = "NSError+Extensions.h"; sourceTree = "<group>"; };
		0CEDAC0213C60D830049B8A7 /* NSError+Extensions.m */ = {isa = PBXFileReference; fileEncoding = 4; lastKnownFileType = sourcecode.c.objc; path = "NSError+Extensions.m"; sourceTree = "<group>"; };
		0CEDAC4913C619CD0049B8A7 /* Tests.octest */ = {isa = PBXFileReference; explicitFileType = wrapper.cfbundle; includeInIndex = 0; path = Tests.octest; sourceTree = BUILT_PRODUCTS_DIR; };
		0CEDAC4A13C619CD0049B8A7 /* Tests-Info.plist */ = {isa = PBXFileReference; lastKnownFileType = text.plist.xml; path = "Tests-Info.plist"; sourceTree = "<group>"; };
		0CEDAC5613C61A290049B8A7 /* NXJsonParserTests.h */ = {isa = PBXFileReference; fileEncoding = 4; lastKnownFileType = sourcecode.c.h; path = NXJsonParserTests.h; sourceTree = "<group>"; };
		0CEDAC5713C61A290049B8A7 /* NXJsonParserTests.m */ = {isa = PBXFileReference; fileEncoding = 4; lastKnownFileType = sourcecode.c.objc; path = NXJsonParserTests.m; sourceTree = "<group>"; };
		0CEDAC5813C61A290049B8A7 /* NXJsonSerializerTests.h */ = {isa = PBXFileReference; fileEncoding = 4; lastKnownFileType = sourcecode.c.h; path = NXJsonSerializerTests.h; sourceTree = "<group>"; };
		0CEDAC5913C61A290049B8A7 /* NXJsonSerializerTests.m */ = {isa = PBXFileReference; fileEncoding = 4; lastKnownFileType = sourcecode.c.objc; path = NXJsonSerializerTests.m; sourceTree = "<group>"; };
		0CEDACB913C642060049B8A7 /* twitter_public_timeline.json */ = {isa = PBXFileReference; fileEncoding = 4; lastKnownFileType = text; path = twitter_public_timeline.json; sourceTree = "<group>"; };
		1D30AB110D05D00D00671497 /* Foundation.framework */ = {isa = PBXFileReference; lastKnownFileType = wrapper.framework; name = Foundation.framework; path = System/Library/Frameworks/Foundation.framework; sourceTree = SDKROOT; };
		1D3623240D0F684500981E51 /* NextiveJsonAppDelegate.h */ = {isa = PBXFileReference; fileEncoding = 4; lastKnownFileType = sourcecode.c.h; path = NextiveJsonAppDelegate.h; sourceTree = "<group>"; };
		1D3623250D0F684500981E51 /* NextiveJsonAppDelegate.m */ = {isa = PBXFileReference; fileEncoding = 4; lastKnownFileType = sourcecode.c.objc; path = NextiveJsonAppDelegate.m; sourceTree = "<group>"; };
		1D6058910D05DD3D006BFB54 /* NextiveJson.app */ = {isa = PBXFileReference; explicitFileType = wrapper.application; includeInIndex = 0; path = NextiveJson.app; sourceTree = BUILT_PRODUCTS_DIR; };
		1DF5F4DF0D08C38300B7A737 /* UIKit.framework */ = {isa = PBXFileReference; lastKnownFileType = wrapper.framework; name = UIKit.framework; path = System/Library/Frameworks/UIKit.framework; sourceTree = SDKROOT; };
		288765A40DF7441C002DB57D /* CoreGraphics.framework */ = {isa = PBXFileReference; lastKnownFileType = wrapper.framework; name = CoreGraphics.framework; path = System/Library/Frameworks/CoreGraphics.framework; sourceTree = SDKROOT; };
		2899E5210DE3E06400AC0155 /* NextiveJsonViewController.xib */ = {isa = PBXFileReference; lastKnownFileType = file.xib; path = NextiveJsonViewController.xib; sourceTree = "<group>"; };
		28AD733E0D9D9553002E5188 /* MainWindow.xib */ = {isa = PBXFileReference; lastKnownFileType = file.xib; path = MainWindow.xib; sourceTree = "<group>"; };
		28D7ACF60DDB3853001CB0EB /* NextiveJsonViewController.h */ = {isa = PBXFileReference; fileEncoding = 4; lastKnownFileType = sourcecode.c.h; path = NextiveJsonViewController.h; sourceTree = "<group>"; };
		28D7ACF70DDB3853001CB0EB /* NextiveJsonViewController.m */ = {isa = PBXFileReference; fileEncoding = 4; lastKnownFileType = sourcecode.c.objc; path = NextiveJsonViewController.m; sourceTree = "<group>"; };
		29B97316FDCFA39411CA2CEA /* main.m */ = {isa = PBXFileReference; fileEncoding = 4; lastKnownFileType = sourcecode.c.objc; path = main.m; sourceTree = "<group>"; };
		32CA4F630368D1EE00C91783 /* NextiveJson_Prefix.pch */ = {isa = PBXFileReference; fileEncoding = 4; lastKnownFileType = sourcecode.c.h; path = NextiveJson_Prefix.pch; sourceTree = "<group>"; };
		8D1107310486CEB800E47090 /* NextiveJson-Info.plist */ = {isa = PBXFileReference; fileEncoding = 4; lastKnownFileType = text.plist.xml; path = "NextiveJson-Info.plist"; plistStructureDefinitionIdentifier = "com.apple.xcode.plist.structure-definition.iphone.info-plist"; sourceTree = "<group>"; };
/* End PBXFileReference section */

/* Begin PBXFrameworksBuildPhase section */
		0CEDAC4613C619CD0049B8A7 /* Frameworks */ = {
			isa = PBXFrameworksBuildPhase;
			buildActionMask = 2147483647;
			files = (
			);
			runOnlyForDeploymentPostprocessing = 0;
		};
		1D60588F0D05DD3D006BFB54 /* Frameworks */ = {
			isa = PBXFrameworksBuildPhase;
			buildActionMask = 2147483647;
			files = (
				1D60589F0D05DD5A006BFB54 /* Foundation.framework in Frameworks */,
				1DF5F4E00D08C38300B7A737 /* UIKit.framework in Frameworks */,
				288765A50DF7441C002DB57D /* CoreGraphics.framework in Frameworks */,
			);
			runOnlyForDeploymentPostprocessing = 0;
		};
/* End PBXFrameworksBuildPhase section */

/* Begin PBXGroup section */
		080E96DDFE201D6D7F000001 /* Application */ = {
			isa = PBXGroup;
			children = (
				1D3623240D0F684500981E51 /* NextiveJsonAppDelegate.h */,
				1D3623250D0F684500981E51 /* NextiveJsonAppDelegate.m */,
				28D7ACF60DDB3853001CB0EB /* NextiveJsonViewController.h */,
				28D7ACF70DDB3853001CB0EB /* NextiveJsonViewController.m */,
			);
			name = Application;
			path = Classes;
			sourceTree = "<group>";
		};
		0CEDABF013C60CB50049B8A7 /* Json */ = {
			isa = PBXGroup;
			children = (
				0CEDAC5513C61A290049B8A7 /* Tests */,
				0CEDAC0113C60D830049B8A7 /* NSError+Extensions.h */,
				0CEDAC0213C60D830049B8A7 /* NSError+Extensions.m */,
				0CEDABF113C60CE40049B8A7 /* NXDebug.h */,
				0CEDABF213C60CE40049B8A7 /* NXDebug.m */,
				0CEDABF313C60CE40049B8A7 /* NXJsonParser.h */,
				0CEDABF413C60CE40049B8A7 /* NXJsonParser.m */,
				0CEDABF513C60CE40049B8A7 /* NXJsonSerializer.h */,
				0CEDABF613C60CE40049B8A7 /* NXJsonSerializer.m */,
				0CEDABF713C60CE40049B8A7 /* NXSerializable.h */,
			);
			path = Json;
			sourceTree = "<group>";
		};
		0CEDAC5513C61A290049B8A7 /* Tests */ = {
			isa = PBXGroup;
			children = (
				0CEDAC5613C61A290049B8A7 /* NXJsonParserTests.h */,
				0CEDAC5713C61A290049B8A7 /* NXJsonParserTests.m */,
				0CEDAC5813C61A290049B8A7 /* NXJsonSerializerTests.h */,
				0CEDAC5913C61A290049B8A7 /* NXJsonSerializerTests.m */,
			);
			path = Tests;
			sourceTree = "<group>";
		};
		19C28FACFE9D520D11CA2CBB /* Products */ = {
			isa = PBXGroup;
			children = (
				1D6058910D05DD3D006BFB54 /* NextiveJson.app */,
				0CEDAC4913C619CD0049B8A7 /* Tests.octest */,
			);
			name = Products;
			sourceTree = "<group>";
		};
		29B97314FDCFA39411CA2CEA /* CustomTemplate */ = {
			isa = PBXGroup;
			children = (
				0CEDABF013C60CB50049B8A7 /* Json */,
				080E96DDFE201D6D7F000001 /* Application */,
				29B97315FDCFA39411CA2CEA /* Other Sources */,
				29B97317FDCFA39411CA2CEA /* Resources */,
				29B97323FDCFA39411CA2CEA /* Frameworks */,
				19C28FACFE9D520D11CA2CBB /* Products */,
				0CEDAC4A13C619CD0049B8A7 /* Tests-Info.plist */,
			);
			name = CustomTemplate;
			sourceTree = "<group>";
		};
		29B97315FDCFA39411CA2CEA /* Other Sources */ = {
			isa = PBXGroup;
			children = (
				32CA4F630368D1EE00C91783 /* NextiveJson_Prefix.pch */,
				29B97316FDCFA39411CA2CEA /* main.m */,
			);
			name = "Other Sources";
			sourceTree = "<group>";
		};
		29B97317FDCFA39411CA2CEA /* Resources */ = {
			isa = PBXGroup;
			children = (
				0CEDACB913C642060049B8A7 /* twitter_public_timeline.json */,
				2899E5210DE3E06400AC0155 /* NextiveJsonViewController.xib */,
				28AD733E0D9D9553002E5188 /* MainWindow.xib */,
				8D1107310486CEB800E47090 /* NextiveJson-Info.plist */,
			);
			name = Resources;
			sourceTree = "<group>";
		};
		29B97323FDCFA39411CA2CEA /* Frameworks */ = {
			isa = PBXGroup;
			children = (
				1DF5F4DF0D08C38300B7A737 /* UIKit.framework */,
				1D30AB110D05D00D00671497 /* Foundation.framework */,
				288765A40DF7441C002DB57D /* CoreGraphics.framework */,
			);
			name = Frameworks;
			sourceTree = "<group>";
		};
/* End PBXGroup section */

/* Begin PBXNativeTarget section */
		0CEDAC4813C619CD0049B8A7 /* Tests */ = {
			isa = PBXNativeTarget;
			buildConfigurationList = 0CEDAC4D13C619CE0049B8A7 /* Build configuration list for PBXNativeTarget "Tests" */;
			buildPhases = (
				0CEDAC4413C619CD0049B8A7 /* Resources */,
				0CEDAC4513C619CD0049B8A7 /* Sources */,
				0CEDAC4613C619CD0049B8A7 /* Frameworks */,
				0CEDAC4713C619CD0049B8A7 /* ShellScript */,
			);
			buildRules = (
			);
			dependencies = (
			);
			name = Tests;
			productName = Tests;
			productReference = 0CEDAC4913C619CD0049B8A7 /* Tests.octest */;
			productType = "com.apple.product-type.bundle";
		};
		1D6058900D05DD3D006BFB54 /* NextiveJson */ = {
			isa = PBXNativeTarget;
			buildConfigurationList = 1D6058960D05DD3E006BFB54 /* Build configuration list for PBXNativeTarget "NextiveJson" */;
			buildPhases = (
				1D60588D0D05DD3D006BFB54 /* Resources */,
				1D60588E0D05DD3D006BFB54 /* Sources */,
				1D60588F0D05DD3D006BFB54 /* Frameworks */,
			);
			buildRules = (
			);
			dependencies = (
				0C1F062013E344C200687914 /* PBXTargetDependency */,
			);
			name = NextiveJson;
			productName = NextiveJson;
			productReference = 1D6058910D05DD3D006BFB54 /* NextiveJson.app */;
			productType = "com.apple.product-type.application";
		};
/* End PBXNativeTarget section */

/* Begin PBXProject section */
		29B97313FDCFA39411CA2CEA /* Project object */ = {
			isa = PBXProject;
			buildConfigurationList = C01FCF4E08A954540054247B /* Build configuration list for PBXProject "NextiveJson" */;
			compatibilityVersion = "Xcode 3.1";
			developmentRegion = English;
			hasScannedForEncodings = 1;
			knownRegions = (
				English,
				Japanese,
				French,
				German,
			);
			mainGroup = 29B97314FDCFA39411CA2CEA /* CustomTemplate */;
			projectDirPath = "";
			projectRoot = "";
			targets = (
				1D6058900D05DD3D006BFB54 /* NextiveJson */,
				0CEDAC4813C619CD0049B8A7 /* Tests */,
			);
		};
/* End PBXProject section */

/* Begin PBXResourcesBuildPhase section */
		0CEDAC4413C619CD0049B8A7 /* Resources */ = {
			isa = PBXResourcesBuildPhase;
			buildActionMask = 2147483647;
			files = (
			);
			runOnlyForDeploymentPostprocessing = 0;
		};
		1D60588D0D05DD3D006BFB54 /* Resources */ = {
			isa = PBXResourcesBuildPhase;
			buildActionMask = 2147483647;
			files = (
				28AD733F0D9D9553002E5188 /* MainWindow.xib in Resources */,
				2899E5220DE3E06400AC0155 /* NextiveJsonViewController.xib in Resources */,
				0CEDACBA13C642060049B8A7 /* twitter_public_timeline.json in Resources */,
			);
			runOnlyForDeploymentPostprocessing = 0;
		};
/* End PBXResourcesBuildPhase section */

/* Begin PBXShellScriptBuildPhase section */
		0CEDAC4713C619CD0049B8A7 /* ShellScript */ = {
			isa = PBXShellScriptBuildPhase;
			buildActionMask = 2147483647;
			files = (
			);
			inputPaths = (
			);
			outputPaths = (
			);
			runOnlyForDeploymentPostprocessing = 0;
			shellPath = /bin/sh;
			shellScript = "# Run the unit tests in this test bundle.\n\"${SYSTEM_DEVELOPER_DIR}/Tools/RunUnitTests\"\n";
		};
/* End PBXShellScriptBuildPhase section */

/* Begin PBXSourcesBuildPhase section */
		0CEDAC4513C619CD0049B8A7 /* Sources */ = {
			isa = PBXSourcesBuildPhase;
			buildActionMask = 2147483647;
			files = (
				0CEDAC5A13C61A290049B8A7 /* NXJsonParserTests.m in Sources */,
				0CEDAC5B13C61A290049B8A7 /* NXJsonSerializerTests.m in Sources */,
				0CEDAC6213C61A5E0049B8A7 /* NSError+Extensions.m in Sources */,
				0CEDAC6313C61A5E0049B8A7 /* NXDebug.m in Sources */,
				0CEDAC6413C61A5E0049B8A7 /* NXJsonParser.m in Sources */,
				0CEDAC6513C61A5E0049B8A7 /* NXJsonSerializer.m in Sources */,
			);
			runOnlyForDeploymentPostprocessing = 0;
		};
		1D60588E0D05DD3D006BFB54 /* Sources */ = {
			isa = PBXSourcesBuildPhase;
			buildActionMask = 2147483647;
			files = (
				1D60589B0D05DD56006BFB54 /* main.m in Sources */,
				1D3623260D0F684500981E51 /* NextiveJsonAppDelegate.m in Sources */,
				28D7ACF80DDB3853001CB0EB /* NextiveJsonViewController.m in Sources */,
				0CEDABF813C60CE40049B8A7 /* NXDebug.m in Sources */,
				0CEDABF913C60CE40049B8A7 /* NXJsonParser.m in Sources */,
				0CEDABFA13C60CE40049B8A7 /* NXJsonSerializer.m in Sources */,
				0CEDAC0313C60D830049B8A7 /* NSError+Extensions.m in Sources */,
			);
			runOnlyForDeploymentPostprocessing = 0;
		};
/* End PBXSourcesBuildPhase section */

/* Begin PBXTargetDependency section */
		0C1F062013E344C200687914 /* PBXTargetDependency */ = {
			isa = PBXTargetDependency;
			target = 0CEDAC4813C619CD0049B8A7 /* Tests */;
			targetProxy = 0C1F061F13E344C200687914 /* PBXContainerItemProxy */;
		};
/* End PBXTargetDependency section */

/* Begin XCBuildConfiguration section */
		0CEDAC4B13C619CE0049B8A7 /* Debug */ = {
			isa = XCBuildConfiguration;
			buildSettings = {
				ALWAYS_SEARCH_USER_PATHS = NO;
				"CODE_SIGN_IDENTITY[sdk=iphoneos*]" = "";
				COPY_PHASE_STRIP = NO;
				FRAMEWORK_SEARCH_PATHS = (
					"\"$(SDKROOT)/Developer/Library/Frameworks\"",
					"\"$(DEVELOPER_LIBRARY_DIR)/Frameworks\"",
				);
				GCC_DYNAMIC_NO_PIC = NO;
				GCC_ENABLE_FIX_AND_CONTINUE = NO;
				GCC_ENABLE_OBJC_EXCEPTIONS = YES;
				GCC_OPTIMIZATION_LEVEL = 0;
				INFOPLIST_FILE = "Tests-Info.plist";
				OTHER_LDFLAGS = (
					"-framework",
					Foundation,
					"-framework",
					SenTestingKit,
					"-framework",
					UIKit,
				);
				PREBINDING = NO;
				PRODUCT_NAME = Tests;
				SDKROOT = iphoneos;
				WRAPPER_EXTENSION = octest;
			};
			name = Debug;
		};
		0CEDAC4C13C619CE0049B8A7 /* Release */ = {
			isa = XCBuildConfiguration;
			buildSettings = {
				ALWAYS_SEARCH_USER_PATHS = NO;
				"CODE_SIGN_IDENTITY[sdk=iphoneos*]" = "";
				COPY_PHASE_STRIP = YES;
				DEBUG_INFORMATION_FORMAT = "dwarf-with-dsym";
				FRAMEWORK_SEARCH_PATHS = (
					"\"$(SDKROOT)/Developer/Library/Frameworks\"",
					"\"$(DEVELOPER_LIBRARY_DIR)/Frameworks\"",
				);
				GCC_ENABLE_FIX_AND_CONTINUE = NO;
				GCC_ENABLE_OBJC_EXCEPTIONS = YES;
				INFOPLIST_FILE = "Tests-Info.plist";
				OTHER_LDFLAGS = (
					"-framework",
					Foundation,
					"-framework",
					SenTestingKit,
					"-framework",
					UIKit,
				);
				PREBINDING = NO;
				PRODUCT_NAME = Tests;
				SDKROOT = iphoneos;
				WRAPPER_EXTENSION = octest;
				ZERO_LINK = NO;
			};
			name = Release;
		};
		1D6058940D05DD3E006BFB54 /* Debug */ = {
			isa = XCBuildConfiguration;
			buildSettings = {
				ALWAYS_SEARCH_USER_PATHS = NO;
				COPY_PHASE_STRIP = NO;
				GCC_DYNAMIC_NO_PIC = NO;
				GCC_OPTIMIZATION_LEVEL = 0;
				GCC_PRECOMPILE_PREFIX_HEADER = YES;
				GCC_PREFIX_HEADER = NextiveJson_Prefix.pch;
				INFOPLIST_FILE = "NextiveJson-Info.plist";
				PRODUCT_NAME = NextiveJson;
			};
			name = Debug;
		};
		1D6058950D05DD3E006BFB54 /* Release */ = {
			isa = XCBuildConfiguration;
			buildSettings = {
				ALWAYS_SEARCH_USER_PATHS = NO;
				COPY_PHASE_STRIP = YES;
				GCC_PRECOMPILE_PREFIX_HEADER = YES;
				GCC_PREFIX_HEADER = NextiveJson_Prefix.pch;
				INFOPLIST_FILE = "NextiveJson-Info.plist";
				PRODUCT_NAME = NextiveJson;
				VALIDATE_PRODUCT = YES;
			};
			name = Release;
		};
		C01FCF4F08A954540054247B /* Debug */ = {
			isa = XCBuildConfiguration;
			buildSettings = {
				ARCHS = "$(ARCHS_STANDARD_32_BIT)";
				"CODE_SIGN_IDENTITY[sdk=iphoneos*]" = "iPhone Developer";
				GCC_C_LANGUAGE_STANDARD = c99;
				GCC_PREPROCESSOR_DEFINITIONS = DEBUG;
				GCC_TREAT_IMPLICIT_FUNCTION_DECLARATIONS_AS_ERRORS = YES;
				GCC_TREAT_WARNINGS_AS_ERRORS = YES;
				GCC_VERSION = com.apple.compilers.llvmgcc42;
				GCC_WARN_64_TO_32_BIT_CONVERSION = YES;
				GCC_WARN_ABOUT_MISSING_FIELD_INITIALIZERS = YES;
				GCC_WARN_ABOUT_MISSING_NEWLINE = YES;
				GCC_WARN_ABOUT_MISSING_PROTOTYPES = YES;
				GCC_WARN_ABOUT_RETURN_TYPE = YES;
				GCC_WARN_CHECK_SWITCH_STATEMENTS = YES;
				GCC_WARN_INITIALIZER_NOT_FULLY_BRACKETED = YES;
				GCC_WARN_MISSING_PARENTHESES = YES;
				GCC_WARN_PEDANTIC = NO;
				GCC_WARN_PROTOTYPE_CONVERSION = NO;
				GCC_WARN_SIGN_COMPARE = YES;
				GCC_WARN_STRICT_SELECTOR_MATCH = YES;
				GCC_WARN_UNDECLARED_SELECTOR = YES;
				GCC_WARN_UNINITIALIZED_AUTOS = NO;
				GCC_WARN_UNKNOWN_PRAGMAS = YES;
				GCC_WARN_UNUSED_PARAMETER = YES;
				GCC_WARN_UNUSED_VALUE = NO;
				GCC_WARN_UNUSED_VARIABLE = YES;
				OTHER_CFLAGS = "";
				PREBINDING = NO;
				RUN_CLANG_STATIC_ANALYZER = YES;
				SDKROOT = iphoneos;
			};
			name = Debug;
		};
		C01FCF5008A954540054247B /* Release */ = {
			isa = XCBuildConfiguration;
			buildSettings = {
				ARCHS = "$(ARCHS_STANDARD_32_BIT)";
				"CODE_SIGN_IDENTITY[sdk=iphoneos*]" = "iPhone Developer";
				GCC_C_LANGUAGE_STANDARD = c99;
				GCC_TREAT_IMPLICIT_FUNCTION_DECLARATIONS_AS_ERRORS = YES;
				GCC_TREAT_WARNINGS_AS_ERRORS = YES;
				GCC_VERSION = com.apple.compilers.llvmgcc42;
				GCC_WARN_64_TO_32_BIT_CONVERSION = YES;
				GCC_WARN_ABOUT_MISSING_FIELD_INITIALIZERS = YES;
				GCC_WARN_ABOUT_MISSING_NEWLINE = YES;
				GCC_WARN_ABOUT_MISSING_PROTOTYPES = YES;
				GCC_WARN_ABOUT_RETURN_TYPE = YES;
				GCC_WARN_CHECK_SWITCH_STATEMENTS = YES;
				GCC_WARN_INITIALIZER_NOT_FULLY_BRACKETED = YES;
				GCC_WARN_MISSING_PARENTHESES = YES;
				GCC_WARN_PEDANTIC = NO;
				GCC_WARN_PROTOTYPE_CONVERSION = NO;
				GCC_WARN_SIGN_COMPARE = YES;
				GCC_WARN_STRICT_SELECTOR_MATCH = YES;
				GCC_WARN_UNDECLARED_SELECTOR = YES;
				GCC_WARN_UNINITIALIZED_AUTOS = NO;
				GCC_WARN_UNKNOWN_PRAGMAS = YES;
				GCC_WARN_UNUSED_PARAMETER = YES;
				GCC_WARN_UNUSED_VALUE = NO;
				GCC_WARN_UNUSED_VARIABLE = YES;
				OTHER_CFLAGS = "-DNS_BLOCK_ASSERTIONS=1";
				PREBINDING = NO;
				RUN_CLANG_STATIC_ANALYZER = YES;
				SDKROOT = iphoneos;
			};
			name = Release;
		};
/* End XCBuildConfiguration section */

/* Begin XCConfigurationList section */
		0CEDAC4D13C619CE0049B8A7 /* Build configuration list for PBXNativeTarget "Tests" */ = {
			isa = XCConfigurationList;
			buildConfigurations = (
				0CEDAC4B13C619CE0049B8A7 /* Debug */,
				0CEDAC4C13C619CE0049B8A7 /* Release */,
			);
			defaultConfigurationIsVisible = 0;
			defaultConfigurationName = Release;
		};
		1D6058960D05DD3E006BFB54 /* Build configuration list for PBXNativeTarget "NextiveJson" */ = {
			isa = XCConfigurationList;
			buildConfigurations = (
				1D6058940D05DD3E006BFB54 /* Debug */,
				1D6058950D05DD3E006BFB54 /* Release */,
			);
			defaultConfigurationIsVisible = 0;
			defaultConfigurationName = Release;
		};
		C01FCF4E08A954540054247B /* Build configuration list for PBXProject "NextiveJson" */ = {
			isa = XCConfigurationList;
			buildConfigurations = (
				C01FCF4F08A954540054247B /* Debug */,
				C01FCF5008A954540054247B /* Release */,
			);
			defaultConfigurationIsVisible = 0;
			defaultConfigurationName = Release;
		};
/* End XCConfigurationList section */
	};
	rootObject = 29B97313FDCFA39411CA2CEA /* Project object */;
}
